// !$*UTF8*$!
{
	archiveVersion = 1;
	classes = {
	};
	objectVersion = 46;
	objects = {

/* Begin PBXBuildFile section */
		00677794177ACD8F00C943BB /* SystemConfiguration.framework in Frameworks */ = {isa = PBXBuildFile; fileRef = 00677793177ACD8F00C943BB /* SystemConfiguration.framework */; };
		241DB707192A8609006FEFC5 /* libBlueKai.a in Frameworks */ = {isa = PBXBuildFile; fileRef = 24FDF09219255F70004755CD /* libBlueKai.a */; };
		245725DD192C38FE00253FDB /* Foundation.framework in Frameworks */ = {isa = PBXBuildFile; fileRef = D79AF75A173A1AA7002E0A0B /* Foundation.framework */; };
		245725DE192C38FE00253FDB /* CoreGraphics.framework in Frameworks */ = {isa = PBXBuildFile; fileRef = 240C911C192C233E00C5633D /* CoreGraphics.framework */; };
		245725DF192C38FE00253FDB /* UIKit.framework in Frameworks */ = {isa = PBXBuildFile; fileRef = D71EF5EC173B6CF200B90918 /* UIKit.framework */; };
		245725E5192C38FE00253FDB /* InfoPlist.strings in Resources */ = {isa = PBXBuildFile; fileRef = 245725E3192C38FE00253FDB /* InfoPlist.strings */; };
		245725E7192C38FE00253FDB /* main.m in Sources */ = {isa = PBXBuildFile; fileRef = 245725E6192C38FE00253FDB /* main.m */; };
		245725EB192C38FE00253FDB /* BLUEKAIAppDelegate.m in Sources */ = {isa = PBXBuildFile; fileRef = 245725EA192C38FE00253FDB /* BLUEKAIAppDelegate.m */; };
		245725F4192C38FE00253FDB /* BLUEKAIViewController.m in Sources */ = {isa = PBXBuildFile; fileRef = 245725F3192C38FE00253FDB /* BLUEKAIViewController.m */; };
		245725F6192C38FE00253FDB /* Images.xcassets in Resources */ = {isa = PBXBuildFile; fileRef = 245725F5192C38FE00253FDB /* Images.xcassets */; };
		24572616192C3EAF00253FDB /* Main_iPhone.storyboard in Resources */ = {isa = PBXBuildFile; fileRef = 245725EC192C38FE00253FDB /* Main_iPhone.storyboard */; };
		24572617192C3EAF00253FDB /* Main_iPad.storyboard in Resources */ = {isa = PBXBuildFile; fileRef = 245725EF192C38FE00253FDB /* Main_iPad.storyboard */; };
		248828341935026E00CF851E /* CFNetwork.framework in Frameworks */ = {isa = PBXBuildFile; fileRef = 248828331935026E00CF851E /* CFNetwork.framework */; };
		24DBFE5318FDD78F0069F878 /* NSObject+BlueKai_SBJSON.m in Sources */ = {isa = PBXBuildFile; fileRef = 24DBFE4818FDD78F0069F878 /* NSObject+BlueKai_SBJSON.m */; settings = {COMPILER_FLAGS = "-fno-objc-arc"; }; };
		24DBFE5418FDD78F0069F878 /* NSString+BlueKai_SBJSON.m in Sources */ = {isa = PBXBuildFile; fileRef = 24DBFE4A18FDD78F0069F878 /* NSString+BlueKai_SBJSON.m */; settings = {COMPILER_FLAGS = "-fno-objc-arc"; }; };
		24DBFE5518FDD78F0069F878 /* BlueKai_SBJSON.m in Sources */ = {isa = PBXBuildFile; fileRef = 24DBFE4C18FDD78F0069F878 /* BlueKai_SBJSON.m */; settings = {COMPILER_FLAGS = "-fno-objc-arc"; }; };
		24DBFE5618FDD78F0069F878 /* BlueKai_SBJsonBase.m in Sources */ = {isa = PBXBuildFile; fileRef = 24DBFE4E18FDD78F0069F878 /* BlueKai_SBJsonBase.m */; settings = {COMPILER_FLAGS = "-fno-objc-arc"; }; };
		24DBFE5718FDD78F0069F878 /* BlueKai_SBJsonParser.m in Sources */ = {isa = PBXBuildFile; fileRef = 24DBFE5018FDD78F0069F878 /* BlueKai_SBJsonParser.m */; settings = {COMPILER_FLAGS = "-fno-objc-arc"; }; };
		24DBFE5818FDD78F0069F878 /* BlueKai_SBJsonWriter.m in Sources */ = {isa = PBXBuildFile; fileRef = 24DBFE5218FDD78F0069F878 /* BlueKai_SBJsonWriter.m */; settings = {COMPILER_FLAGS = "-fno-objc-arc"; }; };
		24E4B864192BCF3B001B746B /* BlueKaiTestCase.m in Sources */ = {isa = PBXBuildFile; fileRef = 241DB7051926C999006FEFC5 /* BlueKaiTestCase.m */; };
		24FDF08E19255E26004755CD /* BlueKaiTests-Info.plist in Resources */ = {isa = PBXBuildFile; fileRef = 24FDF08D19255E26004755CD /* BlueKaiTests-Info.plist */; };
		24FDF09519255FC1004755CD /* XCTest.framework in Frameworks */ = {isa = PBXBuildFile; fileRef = 24FDF09419255FC1004755CD /* XCTest.framework */; };
		24FDF09619256092004755CD /* SystemConfiguration.framework in Frameworks */ = {isa = PBXBuildFile; fileRef = 00677793177ACD8F00C943BB /* SystemConfiguration.framework */; };
		24FDF098192560A7004755CD /* UIKit.framework in Frameworks */ = {isa = PBXBuildFile; fileRef = D71EF5EC173B6CF200B90918 /* UIKit.framework */; };
		35DBAB3030DB20EB3A87057E /* BlueKai_Reachability.m in Sources */ = {isa = PBXBuildFile; fileRef = 35DBA08CD86370BA5E8CBD11 /* BlueKai_Reachability.m */; };
		D71EF5ED173B6CF200B90918 /* UIKit.framework in Frameworks */ = {isa = PBXBuildFile; fileRef = D71EF5EC173B6CF200B90918 /* UIKit.framework */; };
		D79AF75B173A1AA7002E0A0B /* Foundation.framework in Frameworks */ = {isa = PBXBuildFile; fileRef = D79AF75A173A1AA7002E0A0B /* Foundation.framework */; };
		D79AF760173A1AA7002E0A0B /* BlueKai.h in CopyFiles */ = {isa = PBXBuildFile; fileRef = D79AF75F173A1AA7002E0A0B /* BlueKai.h */; };
		D79AF762173A1AA7002E0A0B /* BlueKai.m in Sources */ = {isa = PBXBuildFile; fileRef = D79AF761173A1AA7002E0A0B /* BlueKai.m */; };
		D79AF76D173A1AA8002E0A0B /* Foundation.framework in Frameworks */ = {isa = PBXBuildFile; fileRef = D79AF75A173A1AA7002E0A0B /* Foundation.framework */; };
		D79AF776173A1AA8002E0A0B /* InfoPlist.strings in Resources */ = {isa = PBXBuildFile; fileRef = D79AF774173A1AA8002E0A0B /* InfoPlist.strings */; };
		D79AF792173A2151002E0A0B /* BlueKai_Reachability.m in Sources */ = {isa = PBXBuildFile; fileRef = 35DBA08CD86370BA5E8CBD11 /* BlueKai_Reachability.m */; settings = {COMPILER_FLAGS = "-fno-objc-arc"; }; };
/* End PBXBuildFile section */

/* Begin PBXContainerItemProxy section */
		24572614192C3D9A00253FDB /* PBXContainerItemProxy */ = {
			isa = PBXContainerItemProxy;
			containerPortal = D79AF74E173A1AA7002E0A0B /* Project object */;
			proxyType = 1;
			remoteGlobalIDString = 245725DB192C38FE00253FDB;
			remoteInfo = TestRunnerApp;
		};
		24F7B712192ADC1E002D8F99 /* PBXContainerItemProxy */ = {
			isa = PBXContainerItemProxy;
			containerPortal = D79AF74E173A1AA7002E0A0B /* Project object */;
			proxyType = 1;
			remoteGlobalIDString = D79AF756173A1AA7002E0A0B;
			remoteInfo = BlueKai;
		};
/* End PBXContainerItemProxy section */

/* Begin PBXCopyFilesBuildPhase section */
		D79AF755173A1AA7002E0A0B /* CopyFiles */ = {
			isa = PBXCopyFilesBuildPhase;
			buildActionMask = 2147483647;
			dstPath = "include/${PRODUCT_NAME}";
			dstSubfolderSpec = 16;
			files = (
				D79AF760173A1AA7002E0A0B /* BlueKai.h in CopyFiles */,
			);
			runOnlyForDeploymentPostprocessing = 0;
		};
/* End PBXCopyFilesBuildPhase section */

/* Begin PBXFileReference section */
		00677793177ACD8F00C943BB /* SystemConfiguration.framework */ = {isa = PBXFileReference; lastKnownFileType = wrapper.framework; name = SystemConfiguration.framework; path = System/Library/Frameworks/SystemConfiguration.framework; sourceTree = SDKROOT; };
		240C911C192C233E00C5633D /* CoreGraphics.framework */ = {isa = PBXFileReference; lastKnownFileType = wrapper.framework; name = CoreGraphics.framework; path = System/Library/Frameworks/CoreGraphics.framework; sourceTree = SDKROOT; };
		24104D17193680B50028E34A /* BlueKai_Protected.h */ = {isa = PBXFileReference; fileEncoding = 4; lastKnownFileType = sourcecode.c.h; path = BlueKai_Protected.h; sourceTree = "<group>"; };
		241DB7051926C999006FEFC5 /* BlueKaiTestCase.m */ = {isa = PBXFileReference; fileEncoding = 4; lastKnownFileType = sourcecode.c.objc; path = BlueKaiTestCase.m; sourceTree = "<group>"; };
		245725DC192C38FE00253FDB /* TestRunnerApp.app */ = {isa = PBXFileReference; explicitFileType = wrapper.application; includeInIndex = 0; path = TestRunnerApp.app; sourceTree = BUILT_PRODUCTS_DIR; };
		245725E2192C38FE00253FDB /* TestRunnerApp-Info.plist */ = {isa = PBXFileReference; lastKnownFileType = text.plist.xml; path = "TestRunnerApp-Info.plist"; sourceTree = "<group>"; };
		245725E4192C38FE00253FDB /* en */ = {isa = PBXFileReference; lastKnownFileType = text.plist.strings; name = en; path = en.lproj/InfoPlist.strings; sourceTree = "<group>"; };
		245725E6192C38FE00253FDB /* main.m */ = {isa = PBXFileReference; lastKnownFileType = sourcecode.c.objc; path = main.m; sourceTree = "<group>"; };
		245725E8192C38FE00253FDB /* TestRunnerApp-Prefix.pch */ = {isa = PBXFileReference; lastKnownFileType = sourcecode.c.h; path = "TestRunnerApp-Prefix.pch"; sourceTree = "<group>"; };
		245725E9192C38FE00253FDB /* BLUEKAIAppDelegate.h */ = {isa = PBXFileReference; lastKnownFileType = sourcecode.c.h; path = BLUEKAIAppDelegate.h; sourceTree = "<group>"; };
		245725EA192C38FE00253FDB /* BLUEKAIAppDelegate.m */ = {isa = PBXFileReference; lastKnownFileType = sourcecode.c.objc; path = BLUEKAIAppDelegate.m; sourceTree = "<group>"; };
		245725ED192C38FE00253FDB /* Base */ = {isa = PBXFileReference; lastKnownFileType = file.storyboard; name = Base; path = Base.lproj/Main_iPhone.storyboard; sourceTree = "<group>"; };
		245725F0192C38FE00253FDB /* Base */ = {isa = PBXFileReference; lastKnownFileType = file.storyboard; name = Base; path = Base.lproj/Main_iPad.storyboard; sourceTree = "<group>"; };
		245725F2192C38FE00253FDB /* BLUEKAIViewController.h */ = {isa = PBXFileReference; lastKnownFileType = sourcecode.c.h; path = BLUEKAIViewController.h; sourceTree = "<group>"; };
		245725F3192C38FE00253FDB /* BLUEKAIViewController.m */ = {isa = PBXFileReference; lastKnownFileType = sourcecode.c.objc; path = BLUEKAIViewController.m; sourceTree = "<group>"; };
		245725F5192C38FE00253FDB /* Images.xcassets */ = {isa = PBXFileReference; lastKnownFileType = folder.assetcatalog; path = Images.xcassets; sourceTree = "<group>"; };
		248828331935026E00CF851E /* CFNetwork.framework */ = {isa = PBXFileReference; lastKnownFileType = wrapper.framework; name = CFNetwork.framework; path = System/Library/Frameworks/CFNetwork.framework; sourceTree = SDKROOT; };
		24DBFE4718FDD78F0069F878 /* NSObject+BlueKai_SBJSON.h */ = {isa = PBXFileReference; fileEncoding = 4; lastKnownFileType = sourcecode.c.h; path = "NSObject+BlueKai_SBJSON.h"; sourceTree = "<group>"; };
		24DBFE4818FDD78F0069F878 /* NSObject+BlueKai_SBJSON.m */ = {isa = PBXFileReference; fileEncoding = 4; lastKnownFileType = sourcecode.c.objc; path = "NSObject+BlueKai_SBJSON.m"; sourceTree = "<group>"; };
		24DBFE4918FDD78F0069F878 /* NSString+BlueKai_SBJSON.h */ = {isa = PBXFileReference; fileEncoding = 4; lastKnownFileType = sourcecode.c.h; path = "NSString+BlueKai_SBJSON.h"; sourceTree = "<group>"; };
		24DBFE4A18FDD78F0069F878 /* NSString+BlueKai_SBJSON.m */ = {isa = PBXFileReference; fileEncoding = 4; lastKnownFileType = sourcecode.c.objc; path = "NSString+BlueKai_SBJSON.m"; sourceTree = "<group>"; };
		24DBFE4B18FDD78F0069F878 /* BlueKai_SBJSON.h */ = {isa = PBXFileReference; fileEncoding = 4; lastKnownFileType = sourcecode.c.h; path = BlueKai_SBJSON.h; sourceTree = "<group>"; };
		24DBFE4C18FDD78F0069F878 /* BlueKai_SBJSON.m */ = {isa = PBXFileReference; fileEncoding = 4; lastKnownFileType = sourcecode.c.objc; path = BlueKai_SBJSON.m; sourceTree = "<group>"; };
		24DBFE4D18FDD78F0069F878 /* BlueKai_SBJsonBase.h */ = {isa = PBXFileReference; fileEncoding = 4; lastKnownFileType = sourcecode.c.h; path = BlueKai_SBJsonBase.h; sourceTree = "<group>"; };
		24DBFE4E18FDD78F0069F878 /* BlueKai_SBJsonBase.m */ = {isa = PBXFileReference; fileEncoding = 4; lastKnownFileType = sourcecode.c.objc; path = BlueKai_SBJsonBase.m; sourceTree = "<group>"; };
		24DBFE4F18FDD78F0069F878 /* BlueKai_SBJsonParser.h */ = {isa = PBXFileReference; fileEncoding = 4; lastKnownFileType = sourcecode.c.h; path = BlueKai_SBJsonParser.h; sourceTree = "<group>"; };
		24DBFE5018FDD78F0069F878 /* BlueKai_SBJsonParser.m */ = {isa = PBXFileReference; fileEncoding = 4; lastKnownFileType = sourcecode.c.objc; path = BlueKai_SBJsonParser.m; sourceTree = "<group>"; };
		24DBFE5118FDD78F0069F878 /* BlueKai_SBJsonWriter.h */ = {isa = PBXFileReference; fileEncoding = 4; lastKnownFileType = sourcecode.c.h; path = BlueKai_SBJsonWriter.h; sourceTree = "<group>"; };
		24DBFE5218FDD78F0069F878 /* BlueKai_SBJsonWriter.m */ = {isa = PBXFileReference; fileEncoding = 4; lastKnownFileType = sourcecode.c.objc; path = BlueKai_SBJsonWriter.m; sourceTree = "<group>"; };
		24F7B714192ADC52002D8F99 /* BlueKai.xcodeprojTests.xctest */ = {isa = PBXFileReference; explicitFileType = wrapper.cfbundle; includeInIndex = 0; path = BlueKai.xcodeprojTests.xctest; sourceTree = BUILT_PRODUCTS_DIR; };
		24FDF08D19255E26004755CD /* BlueKaiTests-Info.plist */ = {isa = PBXFileReference; fileEncoding = 4; lastKnownFileType = text.plist.xml; path = "BlueKaiTests-Info.plist"; sourceTree = "<group>"; };
		24FDF09019255EF3004755CD /* BlueKai_SDK-Prefix.pch */ = {isa = PBXFileReference; lastKnownFileType = sourcecode.c.h; path = "BlueKai_SDK-Prefix.pch"; sourceTree = "<group>"; };
		24FDF09119255F4C004755CD /* BlueKai.xcodeproj-Prefix.pch */ = {isa = PBXFileReference; lastKnownFileType = sourcecode.c.h; path = "BlueKai.xcodeproj-Prefix.pch"; sourceTree = "<group>"; };
		24FDF09219255F70004755CD /* libBlueKai.a */ = {isa = PBXFileReference; explicitFileType = archive.ar; includeInIndex = 0; path = libBlueKai.a; sourceTree = BUILT_PRODUCTS_DIR; };
		24FDF09419255FC1004755CD /* XCTest.framework */ = {isa = PBXFileReference; lastKnownFileType = wrapper.framework; name = XCTest.framework; path = Library/Frameworks/XCTest.framework; sourceTree = DEVELOPER_DIR; };
		35DBA08CD86370BA5E8CBD11 /* BlueKai_Reachability.m */ = {isa = PBXFileReference; fileEncoding = 4; lastKnownFileType = sourcecode.c.objc; path = BlueKai_Reachability.m; sourceTree = "<group>"; };
		35DBAB0E3941F731AEDB1939 /* BlueKai_Reachability.h */ = {isa = PBXFileReference; fileEncoding = 4; lastKnownFileType = sourcecode.c.h; path = BlueKai_Reachability.h; sourceTree = "<group>"; };
		D71EF5EC173B6CF200B90918 /* UIKit.framework */ = {isa = PBXFileReference; lastKnownFileType = wrapper.framework; name = UIKit.framework; path = System/Library/Frameworks/UIKit.framework; sourceTree = SDKROOT; };
		D79AF75A173A1AA7002E0A0B /* Foundation.framework */ = {isa = PBXFileReference; lastKnownFileType = wrapper.framework; name = Foundation.framework; path = System/Library/Frameworks/Foundation.framework; sourceTree = SDKROOT; };
		D79AF75F173A1AA7002E0A0B /* BlueKai.h */ = {isa = PBXFileReference; lastKnownFileType = sourcecode.c.h; path = BlueKai.h; sourceTree = "<group>"; };
		D79AF761173A1AA7002E0A0B /* BlueKai.m */ = {isa = PBXFileReference; lastKnownFileType = sourcecode.c.objc; path = BlueKai.m; sourceTree = "<group>"; };
		D79AF775173A1AA8002E0A0B /* en */ = {isa = PBXFileReference; lastKnownFileType = text.plist.strings; name = en; path = en.lproj/InfoPlist.strings; sourceTree = "<group>"; };
/* End PBXFileReference section */

/* Begin PBXFrameworksBuildPhase section */
		245725D9192C38FE00253FDB /* Frameworks */ = {
			isa = PBXFrameworksBuildPhase;
			buildActionMask = 2147483647;
			files = (
				245725DE192C38FE00253FDB /* CoreGraphics.framework in Frameworks */,
				245725DF192C38FE00253FDB /* UIKit.framework in Frameworks */,
				245725DD192C38FE00253FDB /* Foundation.framework in Frameworks */,
			);
			runOnlyForDeploymentPostprocessing = 0;
		};
		D79AF754173A1AA7002E0A0B /* Frameworks */ = {
			isa = PBXFrameworksBuildPhase;
			buildActionMask = 2147483647;
			files = (
				00677794177ACD8F00C943BB /* SystemConfiguration.framework in Frameworks */,
				D71EF5ED173B6CF200B90918 /* UIKit.framework in Frameworks */,
				D79AF75B173A1AA7002E0A0B /* Foundation.framework in Frameworks */,
			);
			runOnlyForDeploymentPostprocessing = 0;
		};
		D79AF764173A1AA8002E0A0B /* Frameworks */ = {
			isa = PBXFrameworksBuildPhase;
			buildActionMask = 2147483647;
			files = (
				241DB707192A8609006FEFC5 /* libBlueKai.a in Frameworks */,
				248828341935026E00CF851E /* CFNetwork.framework in Frameworks */,
				D79AF76D173A1AA8002E0A0B /* Foundation.framework in Frameworks */,
				24FDF098192560A7004755CD /* UIKit.framework in Frameworks */,
				24FDF09619256092004755CD /* SystemConfiguration.framework in Frameworks */,
				24FDF09519255FC1004755CD /* XCTest.framework in Frameworks */,
			);
			runOnlyForDeploymentPostprocessing = 0;
		};
/* End PBXFrameworksBuildPhase section */

/* Begin PBXGroup section */
		245725E0192C38FE00253FDB /* TestRunnerApp */ = {
			isa = PBXGroup;
			children = (
				245725E9192C38FE00253FDB /* BLUEKAIAppDelegate.h */,
				245725EA192C38FE00253FDB /* BLUEKAIAppDelegate.m */,
				245725EC192C38FE00253FDB /* Main_iPhone.storyboard */,
				245725EF192C38FE00253FDB /* Main_iPad.storyboard */,
				245725F2192C38FE00253FDB /* BLUEKAIViewController.h */,
				245725F3192C38FE00253FDB /* BLUEKAIViewController.m */,
				245725F5192C38FE00253FDB /* Images.xcassets */,
				245725E1192C38FE00253FDB /* Supporting Files */,
			);
			path = TestRunnerApp;
			sourceTree = "<group>";
		};
		245725E1192C38FE00253FDB /* Supporting Files */ = {
			isa = PBXGroup;
			children = (
				245725E2192C38FE00253FDB /* TestRunnerApp-Info.plist */,
				245725E3192C38FE00253FDB /* InfoPlist.strings */,
				245725E6192C38FE00253FDB /* main.m */,
				245725E8192C38FE00253FDB /* TestRunnerApp-Prefix.pch */,
			);
			name = "Supporting Files";
			sourceTree = "<group>";
		};
		24DBFE4618FDD77A0069F878 /* Third Party Libs */ = {
			isa = PBXGroup;
			children = (
				24DBFE4718FDD78F0069F878 /* NSObject+BlueKai_SBJSON.h */,
				24DBFE4818FDD78F0069F878 /* NSObject+BlueKai_SBJSON.m */,
				24DBFE4918FDD78F0069F878 /* NSString+BlueKai_SBJSON.h */,
				24DBFE4A18FDD78F0069F878 /* NSString+BlueKai_SBJSON.m */,
				24DBFE4B18FDD78F0069F878 /* BlueKai_SBJSON.h */,
				24DBFE4C18FDD78F0069F878 /* BlueKai_SBJSON.m */,
				24DBFE4D18FDD78F0069F878 /* BlueKai_SBJsonBase.h */,
				24DBFE4E18FDD78F0069F878 /* BlueKai_SBJsonBase.m */,
				24DBFE4F18FDD78F0069F878 /* BlueKai_SBJsonParser.h */,
				24DBFE5018FDD78F0069F878 /* BlueKai_SBJsonParser.m */,
				24DBFE5118FDD78F0069F878 /* BlueKai_SBJsonWriter.h */,
				24DBFE5218FDD78F0069F878 /* BlueKai_SBJsonWriter.m */,
				35DBAB0E3941F731AEDB1939 /* BlueKai_Reachability.h */,
				35DBA08CD86370BA5E8CBD11 /* BlueKai_Reachability.m */,
			);
			name = "Third Party Libs";
			sourceTree = "<group>";
		};
		D79AF74C173A1AA7002E0A0B = {
			isa = PBXGroup;
			children = (
				D79AF75C173A1AA7002E0A0B /* BlueKai */,
				D79AF771173A1AA8002E0A0B /* Bluekai Tests */,
				245725E0192C38FE00253FDB /* TestRunnerApp */,
				D79AF759173A1AA7002E0A0B /* Frameworks */,
				24FDF09219255F70004755CD /* libBlueKai.a */,
				24F7B714192ADC52002D8F99 /* BlueKai.xcodeprojTests.xctest */,
				245725DC192C38FE00253FDB /* TestRunnerApp.app */,
			);
			sourceTree = "<group>";
		};
		D79AF759173A1AA7002E0A0B /* Frameworks */ = {
			isa = PBXGroup;
			children = (
				248828331935026E00CF851E /* CFNetwork.framework */,
				D79AF75A173A1AA7002E0A0B /* Foundation.framework */,
				00677793177ACD8F00C943BB /* SystemConfiguration.framework */,
				D71EF5EC173B6CF200B90918 /* UIKit.framework */,
				24FDF09419255FC1004755CD /* XCTest.framework */,
				240C911C192C233E00C5633D /* CoreGraphics.framework */,
			);
			name = Frameworks;
			sourceTree = "<group>";
		};
		D79AF75C173A1AA7002E0A0B /* BlueKai */ = {
			isa = PBXGroup;
			children = (
				D79AF75F173A1AA7002E0A0B /* BlueKai.h */,
				24104D17193680B50028E34A /* BlueKai_Protected.h */,
				D79AF761173A1AA7002E0A0B /* BlueKai.m */,
				24DBFE4618FDD77A0069F878 /* Third Party Libs */,
				D79AF75D173A1AA7002E0A0B /* Supporting Files */,
			);
			name = BlueKai;
			path = Bluekai_SDK;
			sourceTree = "<group>";
		};
		D79AF75D173A1AA7002E0A0B /* Supporting Files */ = {
			isa = PBXGroup;
			children = (
				24FDF09019255EF3004755CD /* BlueKai_SDK-Prefix.pch */,
				24FDF09119255F4C004755CD /* BlueKai.xcodeproj-Prefix.pch */,
			);
			name = "Supporting Files";
			sourceTree = "<group>";
		};
		D79AF771173A1AA8002E0A0B /* Bluekai Tests */ = {
			isa = PBXGroup;
			children = (
				241DB7051926C999006FEFC5 /* BlueKaiTestCase.m */,
				D79AF772173A1AA8002E0A0B /* Supporting Files */,
			);
			name = "Bluekai Tests";
			path = Bluekai_SDKTests;
			sourceTree = "<group>";
		};
		D79AF772173A1AA8002E0A0B /* Supporting Files */ = {
			isa = PBXGroup;
			children = (
				24FDF08D19255E26004755CD /* BlueKaiTests-Info.plist */,
				D79AF774173A1AA8002E0A0B /* InfoPlist.strings */,
			);
			name = "Supporting Files";
			sourceTree = "<group>";
		};
/* End PBXGroup section */

/* Begin PBXNativeTarget section */
		245725DB192C38FE00253FDB /* TestRunnerApp */ = {
			isa = PBXNativeTarget;
			buildConfigurationList = 2457260D192C38FF00253FDB /* Build configuration list for PBXNativeTarget "TestRunnerApp" */;
			buildPhases = (
				245725D8192C38FE00253FDB /* Sources */,
				245725D9192C38FE00253FDB /* Frameworks */,
				245725DA192C38FE00253FDB /* Resources */,
			);
			buildRules = (
			);
			dependencies = (
			);
			name = TestRunnerApp;
			productName = TestRunnerApp;
			productReference = 245725DC192C38FE00253FDB /* TestRunnerApp.app */;
			productType = "com.apple.product-type.application";
		};
		D79AF756173A1AA7002E0A0B /* BlueKai */ = {
			isa = PBXNativeTarget;
			buildConfigurationList = D79AF77C173A1AA8002E0A0B /* Build configuration list for PBXNativeTarget "BlueKai" */;
			buildPhases = (
				D79AF753173A1AA7002E0A0B /* Sources */,
				D79AF754173A1AA7002E0A0B /* Frameworks */,
				D79AF755173A1AA7002E0A0B /* CopyFiles */,
				24A22516191C223200FB912A /* ShellScript */,
			);
			buildRules = (
			);
			dependencies = (
			);
			name = BlueKai;
			productName = Bluekai_SDK;
			productReference = 24FDF09219255F70004755CD /* libBlueKai.a */;
			productType = "com.apple.product-type.library.static";
		};
		D79AF767173A1AA8002E0A0B /* BlueKai Tests */ = {
			isa = PBXNativeTarget;
			buildConfigurationList = D79AF77F173A1AA8002E0A0B /* Build configuration list for PBXNativeTarget "BlueKai Tests" */;
			buildPhases = (
				D79AF763173A1AA8002E0A0B /* Sources */,
				D79AF764173A1AA8002E0A0B /* Frameworks */,
				D79AF765173A1AA8002E0A0B /* Resources */,
				D79AF766173A1AA8002E0A0B /* ShellScript */,
			);
			buildRules = (
			);
			dependencies = (
				24572615192C3D9A00253FDB /* PBXTargetDependency */,
				24F7B713192ADC1E002D8F99 /* PBXTargetDependency */,
			);
			name = "BlueKai Tests";
			productName = Bluekai_SDKTests;
			productReference = 24F7B714192ADC52002D8F99 /* BlueKai.xcodeprojTests.xctest */;
			productType = "com.apple.product-type.bundle";
		};
/* End PBXNativeTarget section */

/* Begin PBXProject section */
		D79AF74E173A1AA7002E0A0B /* Project object */ = {
			isa = PBXProject;
			attributes = {
				LastUpgradeCheck = 0440;
				ORGANIZATIONNAME = BlueKai;
				TargetAttributes = {
					245725DB192C38FE00253FDB = {
						DevelopmentTeam = C9JPZ34QW5;
					};
					D79AF767173A1AA8002E0A0B = {
						TestTargetID = D79AF756173A1AA7002E0A0B;
					};
				};
			};
			buildConfigurationList = D79AF751173A1AA7002E0A0B /* Build configuration list for PBXProject "Bluekai_SDK" */;
			compatibilityVersion = "Xcode 3.2";
			developmentRegion = English;
			hasScannedForEncodings = 0;
			knownRegions = (
				en,
				Base,
			);
			mainGroup = D79AF74C173A1AA7002E0A0B;
			productRefGroup = D79AF74C173A1AA7002E0A0B;
			projectDirPath = "";
			projectRoot = "";
			targets = (
				D79AF756173A1AA7002E0A0B /* BlueKai */,
				D79AF767173A1AA8002E0A0B /* BlueKai Tests */,
				245725DB192C38FE00253FDB /* TestRunnerApp */,
			);
		};
/* End PBXProject section */

/* Begin PBXResourcesBuildPhase section */
		245725DA192C38FE00253FDB /* Resources */ = {
			isa = PBXResourcesBuildPhase;
			buildActionMask = 2147483647;
			files = (
				24572616192C3EAF00253FDB /* Main_iPhone.storyboard in Resources */,
				24572617192C3EAF00253FDB /* Main_iPad.storyboard in Resources */,
				245725F6192C38FE00253FDB /* Images.xcassets in Resources */,
				245725E5192C38FE00253FDB /* InfoPlist.strings in Resources */,
			);
			runOnlyForDeploymentPostprocessing = 0;
		};
		D79AF765173A1AA8002E0A0B /* Resources */ = {
			isa = PBXResourcesBuildPhase;
			buildActionMask = 2147483647;
			files = (
				24FDF08E19255E26004755CD /* BlueKaiTests-Info.plist in Resources */,
				D79AF776173A1AA8002E0A0B /* InfoPlist.strings in Resources */,
			);
			runOnlyForDeploymentPostprocessing = 0;
		};
/* End PBXResourcesBuildPhase section */

/* Begin PBXShellScriptBuildPhase section */
		24A22516191C223200FB912A /* ShellScript */ = {
			isa = PBXShellScriptBuildPhase;
			buildActionMask = 2147483647;
			files = (
			);
			inputPaths = (
			);
			outputPaths = (
			);
			runOnlyForDeploymentPostprocessing = 0;
			shellPath = /bin/sh;
			shellScript = "##########################################\n#\n# c.f. http://stackoverflow.com/questions/3520977/build-fat-static-library-device-simulator-using-xcode-and-sdk-4\n#\n# Version 2.7\n#\n# Latest Change:\n# - Supports iPhone 5 / iPod Touch 5 (uses Apple's workaround to lipo bug)\n#\n# Purpose:\n#   Automatically create a Universal static library for iPhone + iPad + iPhone Simulator from within XCode\n#\n# Author: Adam Martin - http://twitter.com/redglassesapps\n# Based on: original script from Eonil (main changes: Eonil's script WILL NOT WORK in Xcode GUI - it WILL CRASH YOUR COMPUTER)\n#\n\nset -e\nset -o pipefail\n\n#################[ Tests: helps workaround any future bugs in Xcode ]########\n#\nDEBUG_THIS_SCRIPT=\"false\"\n\nif [ $DEBUG_THIS_SCRIPT = \"true\" ]\nthen\n    echo \"########### TESTS #############\"\n    echo \"Use the following variables when debugging this script; note that they may change on recursions\"\n    echo \"BUILD_DIR = $BUILD_DIR\"\n    echo \"BUILD_ROOT = $BUILD_ROOT\"\n    echo \"CONFIGURATION_BUILD_DIR = $CONFIGURATION_BUILD_DIR\"\n    echo \"BUILT_PRODUCTS_DIR = $BUILT_PRODUCTS_DIR\"\n    echo \"CONFIGURATION_TEMP_DIR = $CONFIGURATION_TEMP_DIR\"\n    echo \"TARGET_BUILD_DIR = $TARGET_BUILD_DIR\"\nfi\n\n#####################[ part 1 ]##################\n# First, work out the BASESDK version number (NB: Apple ought to report this, but they hide it)\n#    (incidental: searching for substrings in sh is a nightmare! Sob)\n\nSDK_VERSION=$(echo ${SDK_NAME} | grep -o '.\\{3\\}$')\n\n# Next, work out if we're in SIM or DEVICE\n\nif [ ${PLATFORM_NAME} = \"iphonesimulator\" ]\nthen\n    OTHER_SDK_TO_BUILD=iphoneos${SDK_VERSION}\nelse\n    OTHER_SDK_TO_BUILD=iphonesimulator${SDK_VERSION}\nfi\n\necho \"XCode has selected SDK: ${PLATFORM_NAME} with version: ${SDK_VERSION} (although back-targetting: ${IPHONEOS_DEPLOYMENT_TARGET})\"\necho \"...therefore, OTHER_SDK_TO_BUILD = ${OTHER_SDK_TO_BUILD}\"\n#\n#####################[ end of part 1 ]##################\n\n#####################[ part 2 ]##################\n#\n# IF this is the original invocation, invoke WHATEVER other builds are required\n#\n# Xcode is already building ONE target...\n#\n# ...but this is a LIBRARY, so Apple is wrong to set it to build just one.\n# ...we need to build ALL targets\n# ...we MUST NOT re-build the target that is ALREADY being built: Xcode WILL CRASH YOUR COMPUTER if you try this (infinite recursion!)\n#\n#\n# So: build ONLY the missing platforms/configurations.\n\nif [ \"true\" == ${ALREADYINVOKED:-false} ]\nthen\n    echo \"RECURSION: I am NOT the root invocation, so I'm NOT going to recurse\"\nelse\n    # CRITICAL:\n    # Prevent infinite recursion (Xcode sucks)\n    export ALREADYINVOKED=\"true\"\n\n    echo \"RECURSION: I am the root ... recursing all missing build targets NOW...\"\n    echo \"RECURSION: ...about to invoke: xcodebuild -configuration \\\"${CONFIGURATION}\\\" -project \\\"${PROJECT_NAME}.xcodeproj\\\" -target \\\"${TARGET_NAME}\\\" -sdk \\\"${OTHER_SDK_TO_BUILD}\\\" ${ACTION} RUN_CLANG_STATIC_ANALYZER=NO\" BUILD_DIR=\\\"${BUILD_DIR}\\\" BUILD_ROOT=\\\"${BUILD_ROOT}\\\" SYMROOT=\\\"${SYMROOT}\\\"\n\n    xcodebuild -configuration \"${CONFIGURATION}\" -project \"${PROJECT_NAME}.xcodeproj\" -target \"${TARGET_NAME}\" -sdk \"${OTHER_SDK_TO_BUILD}\" ${ACTION} RUN_CLANG_STATIC_ANALYZER=NO BUILD_DIR=\"${BUILD_DIR}\" BUILD_ROOT=\"${BUILD_ROOT}\" SYMROOT=\"${SYMROOT}\"\n\n    ACTION=\"build\"\n\n    #Merge all platform binaries as a fat binary for each configurations.\n\n    # Calculate where the (multiple) built files are coming from:\n    CURRENTCONFIG_DEVICE_DIR=${SYMROOT}/${CONFIGURATION}-iphoneos\n    CURRENTCONFIG_SIMULATOR_DIR=${SYMROOT}/${CONFIGURATION}-iphonesimulator\n\n    echo \"Taking device build from: ${CURRENTCONFIG_DEVICE_DIR}\"\n    echo \"Taking simulator build from: ${CURRENTCONFIG_SIMULATOR_DIR}\"\n\n    CREATING_UNIVERSAL_DIR=${SYMROOT}/${CONFIGURATION}-universal\n    echo \"...I will output a universal build to: ${CREATING_UNIVERSAL_DIR}\"\n\n    # ... remove the products of previous runs of this script\n    #      NB: this directory is ONLY created by this script - it should be safe to delete!\n\n    rm -rf \"${CREATING_UNIVERSAL_DIR}\"\n    mkdir \"${CREATING_UNIVERSAL_DIR}\"\n\n    #\n    echo \"lipo: for current configuration (${CONFIGURATION}) creating output file: ${CREATING_UNIVERSAL_DIR}/${EXECUTABLE_NAME}\"\n    xcrun -sdk iphoneos lipo -create -output \"${CREATING_UNIVERSAL_DIR}/${EXECUTABLE_NAME}\" \"${CURRENTCONFIG_DEVICE_DIR}/${EXECUTABLE_NAME}\" \"${CURRENTCONFIG_SIMULATOR_DIR}/${EXECUTABLE_NAME}\"\n\n    #########\n    #\n    # Added: StackOverflow suggestion to also copy \"include\" files\n    #    (untested, but should work OK)\n    #\n    echo \"Fetching headers from ${PUBLIC_HEADERS_FOLDER_PATH}\"\n    echo \"  (if you embed your library project in another project, you will need to add\"\n    echo \"   a \"User Search Headers\" build setting of: (NB INCLUDE THE DOUBLE QUOTES BELOW!)\"\n    echo '        \"$(TARGET_BUILD_DIR)/usr/local/include/\"'\n    \n    if [ -d \"${CURRENTCONFIG_DEVICE_DIR}${PUBLIC_HEADERS_FOLDER_PATH}\" ]\n    then\n        mkdir -p \"${CREATING_UNIVERSAL_DIR}${PUBLIC_HEADERS_FOLDER_PATH}\"\n        # * needs to be outside the double quotes?\n    cp -r \"${CURRENTCONFIG_DEVICE_DIR}${PUBLIC_HEADERS_FOLDER_PATH}\"* \"${CREATING_UNIVERSAL_DIR}${PUBLIC_HEADERS_FOLDER_PATH}\"\n  fi\n\n  #open \"${CREATING_UNIVERSAL_DIR}\"\n  # copy to sample app for testing\n  echo \"Copying static binary to for sample app ${CREATING_UNIVERSAL_DIR}/${EXECUTABLE_NAME}\"\n    cp \"${CREATING_UNIVERSAL_DIR}/${EXECUTABLE_NAME}\" ../sample/\n\nfi\n\n";
			showEnvVarsInLog = 0;
		};
		D79AF766173A1AA8002E0A0B /* ShellScript */ = {
			isa = PBXShellScriptBuildPhase;
			buildActionMask = 2147483647;
			files = (
			);
			inputPaths = (
			);
			outputPaths = (
			);
			runOnlyForDeploymentPostprocessing = 0;
			shellPath = /bin/sh;
			shellScript = "# Run the unit tests in this test bundle.\n\"${SYSTEM_DEVELOPER_DIR}/Tools/RunUnitTests\"";
			showEnvVarsInLog = 0;
		};
/* End PBXShellScriptBuildPhase section */

/* Begin PBXSourcesBuildPhase section */
		245725D8192C38FE00253FDB /* Sources */ = {
			isa = PBXSourcesBuildPhase;
			buildActionMask = 2147483647;
			files = (
				245725F4192C38FE00253FDB /* BLUEKAIViewController.m in Sources */,
				245725EB192C38FE00253FDB /* BLUEKAIAppDelegate.m in Sources */,
				245725E7192C38FE00253FDB /* main.m in Sources */,
			);
			runOnlyForDeploymentPostprocessing = 0;
		};
		D79AF753173A1AA7002E0A0B /* Sources */ = {
			isa = PBXSourcesBuildPhase;
			buildActionMask = 2147483647;
			files = (
				24DBFE5518FDD78F0069F878 /* BlueKai_SBJSON.m in Sources */,
				24DBFE5418FDD78F0069F878 /* NSString+BlueKai_SBJSON.m in Sources */,
				D79AF762173A1AA7002E0A0B /* BlueKai.m in Sources */,
				24DBFE5618FDD78F0069F878 /* BlueKai_SBJsonBase.m in Sources */,
				24DBFE5818FDD78F0069F878 /* BlueKai_SBJsonWriter.m in Sources */,
				D79AF792173A2151002E0A0B /* BlueKai_Reachability.m in Sources */,
				24DBFE5718FDD78F0069F878 /* BlueKai_SBJsonParser.m in Sources */,
				24DBFE5318FDD78F0069F878 /* NSObject+BlueKai_SBJSON.m in Sources */,
				35DBAB3030DB20EB3A87057E /* BlueKai_Reachability.m in Sources */,
			);
			runOnlyForDeploymentPostprocessing = 0;
		};
		D79AF763173A1AA8002E0A0B /* Sources */ = {
			isa = PBXSourcesBuildPhase;
			buildActionMask = 2147483647;
			files = (
				24E4B864192BCF3B001B746B /* BlueKaiTestCase.m in Sources */,
			);
			runOnlyForDeploymentPostprocessing = 0;
		};
/* End PBXSourcesBuildPhase section */

/* Begin PBXTargetDependency section */
		24572615192C3D9A00253FDB /* PBXTargetDependency */ = {
			isa = PBXTargetDependency;
			target = 245725DB192C38FE00253FDB /* TestRunnerApp */;
			targetProxy = 24572614192C3D9A00253FDB /* PBXContainerItemProxy */;
		};
		24F7B713192ADC1E002D8F99 /* PBXTargetDependency */ = {
			isa = PBXTargetDependency;
			target = D79AF756173A1AA7002E0A0B /* BlueKai */;
			targetProxy = 24F7B712192ADC1E002D8F99 /* PBXContainerItemProxy */;
		};
/* End PBXTargetDependency section */

/* Begin PBXVariantGroup section */
		245725E3192C38FE00253FDB /* InfoPlist.strings */ = {
			isa = PBXVariantGroup;
			children = (
				245725E4192C38FE00253FDB /* en */,
			);
			name = InfoPlist.strings;
			sourceTree = "<group>";
		};
		245725EC192C38FE00253FDB /* Main_iPhone.storyboard */ = {
			isa = PBXVariantGroup;
			children = (
				245725ED192C38FE00253FDB /* Base */,
			);
			name = Main_iPhone.storyboard;
			sourceTree = "<group>";
		};
		245725EF192C38FE00253FDB /* Main_iPad.storyboard */ = {
			isa = PBXVariantGroup;
			children = (
				245725F0192C38FE00253FDB /* Base */,
			);
			name = Main_iPad.storyboard;
			sourceTree = "<group>";
		};
		D79AF774173A1AA8002E0A0B /* InfoPlist.strings */ = {
			isa = PBXVariantGroup;
			children = (
				D79AF775173A1AA8002E0A0B /* en */,
			);
			name = InfoPlist.strings;
			sourceTree = "<group>";
		};
/* End PBXVariantGroup section */

/* Begin XCBuildConfiguration section */
		24572609192C38FF00253FDB /* Debug */ = {
			isa = XCBuildConfiguration;
			buildSettings = {
				ASSETCATALOG_COMPILER_APPICON_NAME = AppIcon;
				ASSETCATALOG_COMPILER_LAUNCHIMAGE_NAME = LaunchImage;
				BUNDLE_LOADER = "";
				CLANG_CXX_LIBRARY = "libc++";
				CLANG_ENABLE_MODULES = YES;
				CLANG_WARN_BOOL_CONVERSION = YES;
				CLANG_WARN_CONSTANT_CONVERSION = YES;
				CLANG_WARN_DIRECT_OBJC_ISA_USAGE = YES_ERROR;
				CLANG_WARN_ENUM_CONVERSION = YES;
				CLANG_WARN_INT_CONVERSION = YES;
				CLANG_WARN_OBJC_MISSING_PROPERTY_SYNTHESIS = NO;
				CLANG_WARN_OBJC_ROOT_CLASS = YES_ERROR;
				CODE_SIGN_IDENTITY = "iPhone Developer";
				"CODE_SIGN_IDENTITY[sdk=iphoneos*]" = "iPhone Developer";
				GCC_PRECOMPILE_PREFIX_HEADER = YES;
				GCC_PREFIX_HEADER = "TestRunnerApp/TestRunnerApp-Prefix.pch";
				GCC_PREPROCESSOR_DEFINITIONS = (
					"DEBUG=1",
					"$(inherited)",
				);
				GCC_WARN_64_TO_32_BIT_CONVERSION = YES;
				GCC_WARN_ABOUT_RETURN_TYPE = YES_ERROR;
				GCC_WARN_UNDECLARED_SELECTOR = YES;
				GCC_WARN_UNINITIALIZED_AUTOS = YES_AGGRESSIVE;
				GCC_WARN_UNUSED_FUNCTION = YES;
				INFOPLIST_FILE = "TestRunnerApp/TestRunnerApp-Info.plist";
				IPHONEOS_DEPLOYMENT_TARGET = 6.1;
				ONLY_ACTIVE_ARCH = YES;
				PRODUCT_NAME = "$(TARGET_NAME)";
				PROVISIONING_PROFILE = "";
				TARGETED_DEVICE_FAMILY = "1,2";
				WRAPPER_EXTENSION = app;
			};
			name = Debug;
		};
		2457260A192C38FF00253FDB /* Release */ = {
			isa = XCBuildConfiguration;
			buildSettings = {
				ASSETCATALOG_COMPILER_APPICON_NAME = AppIcon;
				ASSETCATALOG_COMPILER_LAUNCHIMAGE_NAME = LaunchImage;
				BUNDLE_LOADER = "";
				CLANG_CXX_LIBRARY = "libc++";
				CLANG_ENABLE_MODULES = YES;
				CLANG_WARN_BOOL_CONVERSION = YES;
				CLANG_WARN_CONSTANT_CONVERSION = YES;
				CLANG_WARN_DIRECT_OBJC_ISA_USAGE = YES_ERROR;
				CLANG_WARN_ENUM_CONVERSION = YES;
				CLANG_WARN_INT_CONVERSION = YES;
				CLANG_WARN_OBJC_MISSING_PROPERTY_SYNTHESIS = NO;
				CLANG_WARN_OBJC_ROOT_CLASS = YES_ERROR;
				CODE_SIGN_IDENTITY = "iPhone Developer";
				"CODE_SIGN_IDENTITY[sdk=iphoneos*]" = "iPhone Developer";
				ENABLE_NS_ASSERTIONS = NO;
				GCC_PRECOMPILE_PREFIX_HEADER = YES;
				GCC_PREFIX_HEADER = "TestRunnerApp/TestRunnerApp-Prefix.pch";
				GCC_WARN_64_TO_32_BIT_CONVERSION = YES;
				GCC_WARN_ABOUT_RETURN_TYPE = YES_ERROR;
				GCC_WARN_UNDECLARED_SELECTOR = YES;
				GCC_WARN_UNINITIALIZED_AUTOS = YES_AGGRESSIVE;
				GCC_WARN_UNUSED_FUNCTION = YES;
				INFOPLIST_FILE = "TestRunnerApp/TestRunnerApp-Info.plist";
				IPHONEOS_DEPLOYMENT_TARGET = 6.1;
				PRODUCT_NAME = "$(TARGET_NAME)";
				PROVISIONING_PROFILE = "";
				TARGETED_DEVICE_FAMILY = "1,2";
				WRAPPER_EXTENSION = app;
			};
			name = Release;
		};
		D79AF77A173A1AA8002E0A0B /* Debug */ = {
			isa = XCBuildConfiguration;
			buildSettings = {
				ALWAYS_SEARCH_USER_PATHS = NO;
				ARCHS = "$(ARCHS_STANDARD_32_BIT)";
				BUNDLE_LOADER = "$(BUILT_PRODUCTS_DIR)/TestRunnerApp.app/TestRunnerApp";
				CLANG_CXX_LANGUAGE_STANDARD = "gnu++0x";
				CLANG_ENABLE_OBJC_ARC = YES;
				CLANG_WARN_DEPRECATED_OBJC_IMPLEMENTATIONS = YES;
				CLANG_WARN_EMPTY_BODY = YES;
				CLANG_WARN_OBJC_EXPLICIT_OWNERSHIP_TYPE = YES;
				CLANG_WARN_OBJC_IMPLICIT_ATOMIC_PROPERTIES = YES;
				CLANG_WARN_OBJC_IMPLICIT_RETAIN_SELF = YES;
				CLANG_WARN_OBJC_MISSING_PROPERTY_SYNTHESIS = NO;
				CLANG_WARN_OBJC_RECEIVER_WEAK = YES;
				CLANG_WARN_OBJC_REPEATED_USE_OF_WEAK = YES;
				CLANG_WARN_SUSPICIOUS_IMPLICIT_CONVERSION = YES;
				CLANG_WARN__DUPLICATE_METHOD_MATCH = YES;
				COPY_PHASE_STRIP = NO;
				GCC_C_LANGUAGE_STANDARD = gnu99;
				GCC_DYNAMIC_NO_PIC = NO;
				GCC_OPTIMIZATION_LEVEL = 0;
				GCC_PREPROCESSOR_DEFINITIONS = (
					"DEBUG=1",
					"$(inherited)",
				);
				GCC_SYMBOLS_PRIVATE_EXTERN = NO;
				GCC_TREAT_INCOMPATIBLE_POINTER_TYPE_WARNINGS_AS_ERRORS = YES;
				GCC_VERSION = com.apple.compilers.llvm.clang.1_0;
				GCC_WARN_ABOUT_MISSING_FIELD_INITIALIZERS = YES;
				GCC_WARN_ABOUT_RETURN_TYPE = YES;
				GCC_WARN_INITIALIZER_NOT_FULLY_BRACKETED = YES;
				GCC_WARN_MULTIPLE_DEFINITION_TYPES_FOR_SELECTOR = NO;
				GCC_WARN_SHADOW = YES;
				GCC_WARN_STRICT_SELECTOR_MATCH = NO;
				GCC_WARN_UNDECLARED_SELECTOR = NO;
				GCC_WARN_UNINITIALIZED_AUTOS = YES;
				GCC_WARN_UNUSED_LABEL = YES;
				GCC_WARN_UNUSED_PARAMETER = NO;
				GCC_WARN_UNUSED_VALUE = YES;
				GCC_WARN_UNUSED_VARIABLE = YES;
				IPHONEOS_DEPLOYMENT_TARGET = 6.1;
				SDKROOT = iphoneos;
				VALID_ARCHS = "arm64 armv7 armv7s i386";
			};
			name = Debug;
		};
		D79AF77B173A1AA8002E0A0B /* Release */ = {
			isa = XCBuildConfiguration;
			buildSettings = {
				ALWAYS_SEARCH_USER_PATHS = NO;
				ARCHS = "$(ARCHS_STANDARD_32_BIT)";
				BUNDLE_LOADER = "$(BUILT_PRODUCTS_DIR)/TestRunnerApp.app/TestRunnerApp";
				CLANG_CXX_LANGUAGE_STANDARD = "gnu++0x";
				CLANG_ENABLE_OBJC_ARC = YES;
				CLANG_WARN_DEPRECATED_OBJC_IMPLEMENTATIONS = YES;
				CLANG_WARN_EMPTY_BODY = YES;
				CLANG_WARN_OBJC_EXPLICIT_OWNERSHIP_TYPE = YES;
				CLANG_WARN_OBJC_IMPLICIT_ATOMIC_PROPERTIES = YES;
				CLANG_WARN_OBJC_IMPLICIT_RETAIN_SELF = YES;
				CLANG_WARN_OBJC_MISSING_PROPERTY_SYNTHESIS = NO;
				CLANG_WARN_OBJC_RECEIVER_WEAK = YES;
				CLANG_WARN_OBJC_REPEATED_USE_OF_WEAK = YES;
				CLANG_WARN_SUSPICIOUS_IMPLICIT_CONVERSION = YES;
				CLANG_WARN__DUPLICATE_METHOD_MATCH = YES;
				COPY_PHASE_STRIP = YES;
				GCC_C_LANGUAGE_STANDARD = gnu99;
				GCC_TREAT_INCOMPATIBLE_POINTER_TYPE_WARNINGS_AS_ERRORS = YES;
				GCC_VERSION = com.apple.compilers.llvm.clang.1_0;
				GCC_WARN_ABOUT_MISSING_FIELD_INITIALIZERS = YES;
				GCC_WARN_ABOUT_RETURN_TYPE = YES;
				GCC_WARN_INITIALIZER_NOT_FULLY_BRACKETED = YES;
				GCC_WARN_MULTIPLE_DEFINITION_TYPES_FOR_SELECTOR = NO;
				GCC_WARN_SHADOW = YES;
				GCC_WARN_STRICT_SELECTOR_MATCH = NO;
				GCC_WARN_UNDECLARED_SELECTOR = NO;
				GCC_WARN_UNINITIALIZED_AUTOS = YES;
				GCC_WARN_UNUSED_LABEL = YES;
				GCC_WARN_UNUSED_PARAMETER = NO;
				GCC_WARN_UNUSED_VALUE = YES;
				GCC_WARN_UNUSED_VARIABLE = YES;
				IPHONEOS_DEPLOYMENT_TARGET = 6.1;
				SDKROOT = iphoneos;
				VALIDATE_PRODUCT = YES;
				VALID_ARCHS = "arm64 armv7 armv7s i386";
			};
			name = Release;
		};
		D79AF77D173A1AA8002E0A0B /* Debug */ = {
			isa = XCBuildConfiguration;
			buildSettings = {
				ARCHS = "$(ARCHS_STANDARD_32_BIT)";
				CLANG_ENABLE_OBJC_ARC = YES;
				CLANG_WARN_OBJCPP_ARC_ABI = YES;
				CLANG_WARN_OBJC_IMPLICIT_ATOMIC_PROPERTIES = NO;
				CLANG_WARN_OBJC_MISSING_PROPERTY_SYNTHESIS = NO;
				CLANG_WARN_SUSPICIOUS_IMPLICIT_CONVERSION = NO;
				CONFIGURATION_BUILD_DIR = "$(BUILD_DIR)/$(CONFIGURATION)$(EFFECTIVE_PLATFORM_NAME)";
				DSTROOT = /tmp/Bluekai_SDK.dst;
				FRAMEWORK_SEARCH_PATHS = (
					"$(inherited)",
					"$(SRCROOT)",
				);
				GCC_PRECOMPILE_PREFIX_HEADER = YES;
				GCC_PREFIX_HEADER = "Bluekai_SDK/BlueKai.xcodeproj-Prefix.pch";
				GCC_WARN_ABOUT_MISSING_PROTOTYPES = YES;
				GCC_WARN_UNUSED_FUNCTION = NO;
				GCC_WARN_UNUSED_PARAMETER = NO;
				GCC_WARN_UNUSED_VALUE = YES;
				GCC_WARN_UNUSED_VARIABLE = YES;
				IPHONEOS_DEPLOYMENT_TARGET = 6.1;
				OTHER_LDFLAGS = "-ObjC";
				PRODUCT_NAME = BlueKai;
				SDKROOT = iphoneos;
				SKIP_INSTALL = YES;
			};
			name = Debug;
		};
		D79AF77E173A1AA8002E0A0B /* Release */ = {
			isa = XCBuildConfiguration;
			buildSettings = {
				ARCHS = "$(ARCHS_STANDARD_32_BIT)";
				CLANG_ENABLE_OBJC_ARC = YES;
				CLANG_WARN_OBJCPP_ARC_ABI = YES;
				CLANG_WARN_OBJC_IMPLICIT_ATOMIC_PROPERTIES = NO;
				CLANG_WARN_OBJC_MISSING_PROPERTY_SYNTHESIS = NO;
				CLANG_WARN_SUSPICIOUS_IMPLICIT_CONVERSION = NO;
				CONFIGURATION_BUILD_DIR = "$(BUILD_DIR)/$(CONFIGURATION)$(EFFECTIVE_PLATFORM_NAME)";
				DSTROOT = /tmp/Bluekai_SDK.dst;
				FRAMEWORK_SEARCH_PATHS = (
					"$(inherited)",
					"$(SRCROOT)",
				);
				GCC_PRECOMPILE_PREFIX_HEADER = YES;
				GCC_PREFIX_HEADER = "Bluekai_SDK/BlueKai.xcodeproj-Prefix.pch";
				GCC_WARN_ABOUT_MISSING_PROTOTYPES = YES;
				GCC_WARN_UNUSED_FUNCTION = NO;
				GCC_WARN_UNUSED_PARAMETER = NO;
				GCC_WARN_UNUSED_VALUE = YES;
				GCC_WARN_UNUSED_VARIABLE = YES;
				IPHONEOS_DEPLOYMENT_TARGET = 6.1;
				OTHER_LDFLAGS = "-ObjC";
				PRODUCT_NAME = BlueKai;
				SDKROOT = iphoneos;
				SKIP_INSTALL = YES;
			};
			name = Release;
		};
		D79AF780173A1AA8002E0A0B /* Debug */ = {
			isa = XCBuildConfiguration;
			buildSettings = {
				ALWAYS_SEARCH_USER_PATHS = NO;
				BUNDLE_LOADER = "$(BUILT_PRODUCTS_DIR)/TestRunnerApp.app/TestRunnerApp";
				CLANG_WARN_OBJC_IMPLICIT_ATOMIC_PROPERTIES = NO;
				CLANG_WARN_OBJC_MISSING_PROPERTY_SYNTHESIS = NO;
				CLANG_WARN_SUSPICIOUS_IMPLICIT_CONVERSION = NO;
				DSTROOT = /tmp/Bluekai_SDK.dst;
				FRAMEWORK_SEARCH_PATHS = (
					"$(SDKROOT)/Developer/Library/Frameworks",
					"$(inherited)",
					"$(DEVELOPER_FRAMEWORKS_DIR)",
				);
				GCC_INLINES_ARE_PRIVATE_EXTERN = NO;
				GCC_PRECOMPILE_PREFIX_HEADER = YES;
				GCC_PREFIX_HEADER = "Bluekai_SDK/BlueKai_SDK-Prefix.pch";
				HEADER_SEARCH_PATHS = (
					"$(inherited)",
					/Applications/Xcode.app/Contents/Developer/Toolchains/XcodeDefault.xctoolchain/usr/include,
					"${SRCROOT}",
				);
				INFOPLIST_FILE = "Bluekai_SDKTests/BluekaiTests-Info.plist";
				INSTALL_PATH = /usr/local/lib;
				LIBRARY_SEARCH_PATHS = (
					"$(inherited)",
					"$(PROJECT_DIR)",
				);
				OTHER_LDFLAGS = "-ObjC";
				PRODUCT_NAME = BlueKai.xcodeprojTests;
				SEPARATE_STRIP = YES;
				TEST_HOST = "$(BUNDLE_LOADER)";
				USER_HEADER_SEARCH_PATHS = "";
				VALID_ARCHS = "arm64 armv7 armv7s i386";
				WRAPPER_EXTENSION = xctest;
			};
			name = Debug;
		};
		D79AF781173A1AA8002E0A0B /* Release */ = {
			isa = XCBuildConfiguration;
			buildSettings = {
				ALWAYS_SEARCH_USER_PATHS = NO;
				BUNDLE_LOADER = "$(BUILT_PRODUCTS_DIR)/TestRunnerApp.app/TestRunnerApp";
				CLANG_WARN_OBJC_IMPLICIT_ATOMIC_PROPERTIES = NO;
				CLANG_WARN_OBJC_MISSING_PROPERTY_SYNTHESIS = NO;
				CLANG_WARN_SUSPICIOUS_IMPLICIT_CONVERSION = NO;
				DSTROOT = /tmp/Bluekai_SDK.dst;
				FRAMEWORK_SEARCH_PATHS = (
					"$(SDKROOT)/Developer/Library/Frameworks",
					"$(inherited)",
					"$(DEVELOPER_FRAMEWORKS_DIR)",
				);
				GCC_INLINES_ARE_PRIVATE_EXTERN = NO;
				GCC_PRECOMPILE_PREFIX_HEADER = YES;
				GCC_PREFIX_HEADER = "Bluekai_SDK/BlueKai_SDK-Prefix.pch";
				HEADER_SEARCH_PATHS = (
					"$(inherited)",
					/Applications/Xcode.app/Contents/Developer/Toolchains/XcodeDefault.xctoolchain/usr/include,
					"${SRCROOT}",
				);
				INFOPLIST_FILE = "Bluekai_SDKTests/BluekaiTests-Info.plist";
				INSTALL_PATH = /usr/local/lib;
				LIBRARY_SEARCH_PATHS = (
					"$(inherited)",
					"$(PROJECT_DIR)",
				);
				OTHER_LDFLAGS = "-ObjC";
				PRODUCT_NAME = BlueKai.xcodeprojTests;
				SEPARATE_STRIP = YES;
				TEST_HOST = "$(BUNDLE_LOADER)";
				USER_HEADER_SEARCH_PATHS = "";
				VALID_ARCHS = "arm64 armv7 armv7s i386";
				WRAPPER_EXTENSION = xctest;
			};
			name = Release;
		};
/* End XCBuildConfiguration section */

/* Begin XCConfigurationList section */
		2457260D192C38FF00253FDB /* Build configuration list for PBXNativeTarget "TestRunnerApp" */ = {
			isa = XCConfigurationList;
			buildConfigurations = (
				24572609192C38FF00253FDB /* Debug */,
				2457260A192C38FF00253FDB /* Release */,
			);
			defaultConfigurationIsVisible = 0;
			defaultConfigurationName = Debug;
		};
		D79AF751173A1AA7002E0A0B /* Build configuration list for PBXProject "Bluekai_SDK" */ = {
			isa = XCConfigurationList;
			buildConfigurations = (
				D79AF77A173A1AA8002E0A0B /* Debug */,
				D79AF77B173A1AA8002E0A0B /* Release */,
			);
			defaultConfigurationIsVisible = 0;
			defaultConfigurationName = Debug;
		};
		D79AF77C173A1AA8002E0A0B /* Build configuration list for PBXNativeTarget "BlueKai" */ = {
			isa = XCConfigurationList;
			buildConfigurations = (
				D79AF77D173A1AA8002E0A0B /* Debug */,
				D79AF77E173A1AA8002E0A0B /* Release */,
			);
			defaultConfigurationIsVisible = 0;
			defaultConfigurationName = Debug;
		};
		D79AF77F173A1AA8002E0A0B /* Build configuration list for PBXNativeTarget "BlueKai Tests" */ = {
			isa = XCConfigurationList;
			buildConfigurations = (
				D79AF780173A1AA8002E0A0B /* Debug */,
				D79AF781173A1AA8002E0A0B /* Release */,
			);
			defaultConfigurationIsVisible = 0;
			defaultConfigurationName = Debug;
		};
/* End XCConfigurationList section */
	};
	rootObject = D79AF74E173A1AA7002E0A0B /* Project object */;
}
